// !$*UTF8*$!
{
	archiveVersion = 1;
	classes = {
	};
	objectVersion = 55;
	objects = {

/* Begin PBXBuildFile section */
		FADA7C71281016B100D76C6D /* AppDelegate.swift in Sources */ = {isa = PBXBuildFile; fileRef = FADA7C70281016B100D76C6D /* AppDelegate.swift */; };
		FADA7C73281016B100D76C6D /* SceneDelegate.swift in Sources */ = {isa = PBXBuildFile; fileRef = FADA7C72281016B100D76C6D /* SceneDelegate.swift */; };
		FADA7C7A281016B200D76C6D /* Assets.xcassets in Resources */ = {isa = PBXBuildFile; fileRef = FADA7C79281016B200D76C6D /* Assets.xcassets */; };
		FADA7C7D281016B200D76C6D /* LaunchScreen.storyboard in Resources */ = {isa = PBXBuildFile; fileRef = FADA7C7B281016B200D76C6D /* LaunchScreen.storyboard */; };
		FADA7C852810181D00D76C6D /* MainViewController.swift in Sources */ = {isa = PBXBuildFile; fileRef = FADA7C842810181D00D76C6D /* MainViewController.swift */; };
		FADA7C8A2810193800D76C6D /* TableViewCell.swift in Sources */ = {isa = PBXBuildFile; fileRef = FADA7C892810193800D76C6D /* TableViewCell.swift */; };
		FADA7C8C28101A9600D76C6D /* DetailsViewController.swift in Sources */ = {isa = PBXBuildFile; fileRef = FADA7C8B28101A9600D76C6D /* DetailsViewController.swift */; };
		FADA7C8E2810246800D76C6D /* Cities.swift in Sources */ = {isa = PBXBuildFile; fileRef = FADA7C8D2810246800D76C6D /* Cities.swift */; };
		FADA7C90281024E100D76C6D /* CityAPI.swift in Sources */ = {isa = PBXBuildFile; fileRef = FADA7C8F281024E100D76C6D /* CityAPI.swift */; };
/* End PBXBuildFile section */

/* Begin PBXFileReference section */
		FADA7C6D281016B100D76C6D /* SehirTanitimKitabi.app */ = {isa = PBXFileReference; explicitFileType = wrapper.application; includeInIndex = 0; path = SehirTanitimKitabi.app; sourceTree = BUILT_PRODUCTS_DIR; };
		FADA7C70281016B100D76C6D /* AppDelegate.swift */ = {isa = PBXFileReference; lastKnownFileType = sourcecode.swift; path = AppDelegate.swift; sourceTree = "<group>"; };
		FADA7C72281016B100D76C6D /* SceneDelegate.swift */ = {isa = PBXFileReference; lastKnownFileType = sourcecode.swift; path = SceneDelegate.swift; sourceTree = "<group>"; };
		FADA7C79281016B200D76C6D /* Assets.xcassets */ = {isa = PBXFileReference; lastKnownFileType = folder.assetcatalog; path = Assets.xcassets; sourceTree = "<group>"; };
		FADA7C7C281016B200D76C6D /* Base */ = {isa = PBXFileReference; lastKnownFileType = file.storyboard; name = Base; path = Base.lproj/LaunchScreen.storyboard; sourceTree = "<group>"; };
		FADA7C7E281016B200D76C6D /* Info.plist */ = {isa = PBXFileReference; lastKnownFileType = text.plist.xml; path = Info.plist; sourceTree = "<group>"; };
		FADA7C842810181D00D76C6D /* MainViewController.swift */ = {isa = PBXFileReference; lastKnownFileType = sourcecode.swift; path = MainViewController.swift; sourceTree = "<group>"; };
		FADA7C892810193800D76C6D /* TableViewCell.swift */ = {isa = PBXFileReference; lastKnownFileType = sourcecode.swift; path = TableViewCell.swift; sourceTree = "<group>"; };
		FADA7C8B28101A9600D76C6D /* DetailsViewController.swift */ = {isa = PBXFileReference; lastKnownFileType = sourcecode.swift; path = DetailsViewController.swift; sourceTree = "<group>"; };
		FADA7C8D2810246800D76C6D /* Cities.swift */ = {isa = PBXFileReference; lastKnownFileType = sourcecode.swift; path = Cities.swift; sourceTree = "<group>"; };
		FADA7C8F281024E100D76C6D /* CityAPI.swift */ = {isa = PBXFileReference; lastKnownFileType = sourcecode.swift; path = CityAPI.swift; sourceTree = "<group>"; };
/* End PBXFileReference section */

/* Begin PBXFrameworksBuildPhase section */
		FADA7C6A281016B100D76C6D /* Frameworks */ = {
			isa = PBXFrameworksBuildPhase;
			buildActionMask = 2147483647;
			files = (
			);
			runOnlyForDeploymentPostprocessing = 0;
		};
/* End PBXFrameworksBuildPhase section */

/* Begin PBXGroup section */
		FAB36D88281161C200B7D7FB /* Models */ = {
			isa = PBXGroup;
			children = (
				FADA7C8D2810246800D76C6D /* Cities.swift */,
				FADA7C8F281024E100D76C6D /* CityAPI.swift */,
			);
			path = Models;
			sourceTree = "<group>";
		};
		FAB36D8A281161E500B7D7FB /* Controllers */ = {
			isa = PBXGroup;
			children = (
				FADA7C892810193800D76C6D /* TableViewCell.swift */,
				FADA7C8B28101A9600D76C6D /* DetailsViewController.swift */,
				FADA7C842810181D00D76C6D /* MainViewController.swift */,
			);
			path = Controllers;
			sourceTree = "<group>";
		};
		FADA7C64281016B000D76C6D = {
			isa = PBXGroup;
			children = (
				FADA7C6F281016B100D76C6D /* SehirTanitimKitabi */,
				FADA7C6E281016B100D76C6D /* Products */,
			);
			sourceTree = "<group>";
		};
		FADA7C6E281016B100D76C6D /* Products */ = {
			isa = PBXGroup;
			children = (
				FADA7C6D281016B100D76C6D /* SehirTanitimKitabi.app */,
			);
			name = Products;
			sourceTree = "<group>";
		};
		FADA7C6F281016B100D76C6D /* SehirTanitimKitabi */ = {
			isa = PBXGroup;
			children = (
				FAB36D8A281161E500B7D7FB /* Controllers */,
				FAB36D88281161C200B7D7FB /* Models */,
				FADA7C862810188F00D76C6D /* Others */,
				FADA7C7E281016B200D76C6D /* Info.plist */,
			);
			path = SehirTanitimKitabi;
			sourceTree = "<group>";
		};
		FADA7C862810188F00D76C6D /* Others */ = {
			isa = PBXGroup;
			children = (
				FADA7C70281016B100D76C6D /* AppDelegate.swift */,
				FADA7C72281016B100D76C6D /* SceneDelegate.swift */,
				FADA7C79281016B200D76C6D /* Assets.xcassets */,
				FADA7C7B281016B200D76C6D /* LaunchScreen.storyboard */,
			);
			path = Others;
			sourceTree = "<group>";
		};
/* End PBXGroup section */

/* Begin PBXNativeTarget section */
		FADA7C6C281016B100D76C6D /* SehirTanitimKitabi */ = {
			isa = PBXNativeTarget;
			buildConfigurationList = FADA7C81281016B200D76C6D /* Build configuration list for PBXNativeTarget "SehirTanitimKitabi" */;
			buildPhases = (
				FADA7C69281016B100D76C6D /* Sources */,
				FADA7C6A281016B100D76C6D /* Frameworks */,
				FADA7C6B281016B100D76C6D /* Resources */,
			);
			buildRules = (
			);
			dependencies = (
			);
			name = SehirTanitimKitabi;
			productName = SehirTanitimKitabi;
			productReference = FADA7C6D281016B100D76C6D /* SehirTanitimKitabi.app */;
			productType = "com.apple.product-type.application";
		};
/* End PBXNativeTarget section */

/* Begin PBXProject section */
		FADA7C65281016B000D76C6D /* Project object */ = {
			isa = PBXProject;
			attributes = {
				BuildIndependentTargetsInParallel = 1;
				LastSwiftUpdateCheck = 1320;
				LastUpgradeCheck = 1320;
				TargetAttributes = {
					FADA7C6C281016B100D76C6D = {
						CreatedOnToolsVersion = 13.2.1;
					};
				};
			};
			buildConfigurationList = FADA7C68281016B000D76C6D /* Build configuration list for PBXProject "SehirTanitimKitabi" */;
			compatibilityVersion = "Xcode 13.0";
			developmentRegion = en;
			hasScannedForEncodings = 0;
			knownRegions = (
				en,
				Base,
			);
			mainGroup = FADA7C64281016B000D76C6D;
			productRefGroup = FADA7C6E281016B100D76C6D /* Products */;
			projectDirPath = "";
			projectRoot = "";
			targets = (
				FADA7C6C281016B100D76C6D /* SehirTanitimKitabi */,
			);
		};
/* End PBXProject section */

/* Begin PBXResourcesBuildPhase section */
		FADA7C6B281016B100D76C6D /* Resources */ = {
			isa = PBXResourcesBuildPhase;
			buildActionMask = 2147483647;
			files = (
				FADA7C7D281016B200D76C6D /* LaunchScreen.storyboard in Resources */,
				FADA7C7A281016B200D76C6D /* Assets.xcassets in Resources */,
			);
			runOnlyForDeploymentPostprocessing = 0;
		};
/* End PBXResourcesBuildPhase section */

/* Begin PBXSourcesBuildPhase section */
		FADA7C69281016B100D76C6D /* Sources */ = {
			isa = PBXSourcesBuildPhase;
			buildActionMask = 2147483647;
			files = (
				FADA7C852810181D00D76C6D /* MainViewController.swift in Sources */,
				FADA7C8A2810193800D76C6D /* TableViewCell.swift in Sources */,
				FADA7C8E2810246800D76C6D /* Cities.swift in Sources */,
				FADA7C71281016B100D76C6D /* AppDelegate.swift in Sources */,
				FADA7C90281024E100D76C6D /* CityAPI.swift in Sources */,
				FADA7C73281016B100D76C6D /* SceneDelegate.swift in Sources */,
				FADA7C8C28101A9600D76C6D /* DetailsViewController.swift in Sources */,
			);
			runOnlyForDeploymentPostprocessing = 0;
		};
/* End PBXSourcesBuildPhase section */

/* Begin PBXVariantGroup section */
		FADA7C7B281016B200D76C6D /* LaunchScreen.storyboard */ = {
			isa = PBXVariantGroup;
			children = (
				FADA7C7C281016B200D76C6D /* Base */,
			);
			name = LaunchScreen.storyboard;
			sourceTree = "<group>";
		};
/* End PBXVariantGroup section */

/* Begin XCBuildConfiguration section */
		FADA7C7F281016B200D76C6D /* Debug */ = {
			isa = XCBuildConfiguration;
			buildSettings = {
				ALWAYS_SEARCH_USER_PATHS = NO;
				CLANG_ANALYZER_NONNULL = YES;
				CLANG_ANALYZER_NUMBER_OBJECT_CONVERSION = YES_AGGRESSIVE;
				CLANG_CXX_LANGUAGE_STANDARD = "gnu++17";
				CLANG_CXX_LIBRARY = "libc++";
				CLANG_ENABLE_MODULES = YES;
				CLANG_ENABLE_OBJC_ARC = YES;
				CLANG_ENABLE_OBJC_WEAK = YES;
				CLANG_WARN_BLOCK_CAPTURE_AUTORELEASING = YES;
				CLANG_WARN_BOOL_CONVERSION = YES;
				CLANG_WARN_COMMA = YES;
				CLANG_WARN_CONSTANT_CONVERSION = YES;
				CLANG_WARN_DEPRECATED_OBJC_IMPLEMENTATIONS = YES;
				CLANG_WARN_DIRECT_OBJC_ISA_USAGE = YES_ERROR;
				CLANG_WARN_DOCUMENTATION_COMMENTS = YES;
				CLANG_WARN_EMPTY_BODY = YES;
				CLANG_WARN_ENUM_CONVERSION = YES;
				CLANG_WARN_INFINITE_RECURSION = YES;
				CLANG_WARN_INT_CONVERSION = YES;
				CLANG_WARN_NON_LITERAL_NULL_CONVERSION = YES;
				CLANG_WARN_OBJC_IMPLICIT_RETAIN_SELF = YES;
				CLANG_WARN_OBJC_LITERAL_CONVERSION = YES;
				CLANG_WARN_OBJC_ROOT_CLASS = YES_ERROR;
				CLANG_WARN_QUOTED_INCLUDE_IN_FRAMEWORK_HEADER = YES;
				CLANG_WARN_RANGE_LOOP_ANALYSIS = YES;
				CLANG_WARN_STRICT_PROTOTYPES = YES;
				CLANG_WARN_SUSPICIOUS_MOVE = YES;
				CLANG_WARN_UNGUARDED_AVAILABILITY = YES_AGGRESSIVE;
				CLANG_WARN_UNREACHABLE_CODE = YES;
				CLANG_WARN__DUPLICATE_METHOD_MATCH = YES;
				COPY_PHASE_STRIP = NO;
				DEBUG_INFORMATION_FORMAT = dwarf;
				ENABLE_STRICT_OBJC_MSGSEND = YES;
				ENABLE_TESTABILITY = YES;
				GCC_C_LANGUAGE_STANDARD = gnu11;
				GCC_DYNAMIC_NO_PIC = NO;
				GCC_NO_COMMON_BLOCKS = YES;
				GCC_OPTIMIZATION_LEVEL = 0;
				GCC_PREPROCESSOR_DEFINITIONS = (
					"DEBUG=1",
					"$(inherited)",
				);
				GCC_WARN_64_TO_32_BIT_CONVERSION = YES;
				GCC_WARN_ABOUT_RETURN_TYPE = YES_ERROR;
				GCC_WARN_UNDECLARED_SELECTOR = YES;
				GCC_WARN_UNINITIALIZED_AUTOS = YES_AGGRESSIVE;
				GCC_WARN_UNUSED_FUNCTION = YES;
				GCC_WARN_UNUSED_VARIABLE = YES;
				IPHONEOS_DEPLOYMENT_TARGET = 15.2;
				MTL_ENABLE_DEBUG_INFO = INCLUDE_SOURCE;
				MTL_FAST_MATH = YES;
				ONLY_ACTIVE_ARCH = YES;
				SDKROOT = iphoneos;
				SWIFT_ACTIVE_COMPILATION_CONDITIONS = DEBUG;
				SWIFT_OPTIMIZATION_LEVEL = "-Onone";
			};
			name = Debug;
		};
		FADA7C80281016B200D76C6D /* Release */ = {
			isa = XCBuildConfiguration;
			buildSettings = {
				ALWAYS_SEARCH_USER_PATHS = NO;
				CLANG_ANALYZER_NONNULL = YES;
				CLANG_ANALYZER_NUMBER_OBJECT_CONVERSION = YES_AGGRESSIVE;
				CLANG_CXX_LANGUAGE_STANDARD = "gnu++17";
				CLANG_CXX_LIBRARY = "libc++";
				CLANG_ENABLE_MODULES = YES;
				CLANG_ENABLE_OBJC_ARC = YES;
				CLANG_ENABLE_OBJC_WEAK = YES;
				CLANG_WARN_BLOCK_CAPTURE_AUTORELEASING = YES;
				CLANG_WARN_BOOL_CONVERSION = YES;
				CLANG_WARN_COMMA = YES;
				CLANG_WARN_CONSTANT_CONVERSION = YES;
				CLANG_WARN_DEPRECATED_OBJC_IMPLEMENTATIONS = YES;
				CLANG_WARN_DIRECT_OBJC_ISA_USAGE = YES_ERROR;
				CLANG_WARN_DOCUMENTATION_COMMENTS = YES;
				CLANG_WARN_EMPTY_BODY = YES;
				CLANG_WARN_ENUM_CONVERSION = YES;
				CLANG_WARN_INFINITE_RECURSION = YES;
				CLANG_WARN_INT_CONVERSION = YES;
				CLANG_WARN_NON_LITERAL_NULL_CONVERSION = YES;
				CLANG_WARN_OBJC_IMPLICIT_RETAIN_SELF = YES;
				CLANG_WARN_OBJC_LITERAL_CONVERSION = YES;
				CLANG_WARN_OBJC_ROOT_CLASS = YES_ERROR;
				CLANG_WARN_QUOTED_INCLUDE_IN_FRAMEWORK_HEADER = YES;
				CLANG_WARN_RANGE_LOOP_ANALYSIS = YES;
				CLANG_WARN_STRICT_PROTOTYPES = YES;
				CLANG_WARN_SUSPICIOUS_MOVE = YES;
				CLANG_WARN_UNGUARDED_AVAILABILITY = YES_AGGRESSIVE;
				CLANG_WARN_UNREACHABLE_CODE = YES;
				CLANG_WARN__DUPLICATE_METHOD_MATCH = YES;
				COPY_PHASE_STRIP = NO;
				DEBUG_INFORMATION_FORMAT = "dwarf-with-dsym";
				ENABLE_NS_ASSERTIONS = NO;
				ENABLE_STRICT_OBJC_MSGSEND = YES;
				GCC_C_LANGUAGE_STANDARD = gnu11;
				GCC_NO_COMMON_BLOCKS = YES;
				GCC_WARN_64_TO_32_BIT_CONVERSION = YES;
				GCC_WARN_ABOUT_RETURN_TYPE = YES_ERROR;
				GCC_WARN_UNDECLARED_SELECTOR = YES;
				GCC_WARN_UNINITIALIZED_AUTOS = YES_AGGRESSIVE;
				GCC_WARN_UNUSED_FUNCTION = YES;
				GCC_WARN_UNUSED_VARIABLE = YES;
				IPHONEOS_DEPLOYMENT_TARGET = 15.2;
				MTL_ENABLE_DEBUG_INFO = NO;
				MTL_FAST_MATH = YES;
				SDKROOT = iphoneos;
				SWIFT_COMPILATION_MODE = wholemodule;
				SWIFT_OPTIMIZATION_LEVEL = "-O";
				VALIDATE_PRODUCT = YES;
			};
			name = Release;
		};
		FADA7C82281016B200D76C6D /* Debug */ = {
			isa = XCBuildConfiguration;
			buildSettings = {
				ASSETCATALOG_COMPILER_APPICON_NAME = AppIcon;
				ASSETCATALOG_COMPILER_GLOBAL_ACCENT_COLOR_NAME = AccentColor;
				CODE_SIGN_STYLE = Automatic;
				CURRENT_PROJECT_VERSION = 1;
				DEVELOPMENT_TEAM = T8B4RZKP3U;
				GENERATE_INFOPLIST_FILE = YES;
				INFOPLIST_FILE = SehirTanitimKitabi/Info.plist;
				INFOPLIST_KEY_UIApplicationSupportsIndirectInputEvents = YES;
				INFOPLIST_KEY_UILaunchStoryboardName = LaunchScreen;
				INFOPLIST_KEY_UIMainStoryboardFile = "";
				INFOPLIST_KEY_UISupportedInterfaceOrientations_iPad = "UIInterfaceOrientationPortrait UIInterfaceOrientationPortraitUpsideDown UIInterfaceOrientationLandscapeLeft UIInterfaceOrientationLandscapeRight";
				INFOPLIST_KEY_UISupportedInterfaceOrientations_iPhone = "UIInterfaceOrientationPortrait UIInterfaceOrientationLandscapeLeft UIInterfaceOrientationLandscapeRight";
				LD_RUNPATH_SEARCH_PATHS = (
					"$(inherited)",
					"@executable_path/Frameworks",
				);
				MARKETING_VERSION = 1.0;
				PRODUCT_BUNDLE_IDENTIFIER = mutluclkn.SehirTanitimKitabi;
				PRODUCT_NAME = "$(TARGET_NAME)";
				SWIFT_EMIT_LOC_STRINGS = YES;
				SWIFT_VERSION = 5.0;
				TARGETED_DEVICE_FAMILY = "1,2";
			};
			name = Debug;
		};
		FADA7C83281016B200D76C6D /* Release */ = {
			isa = XCBuildConfiguration;
			buildSettings = {
				ASSETCATALOG_COMPILER_APPICON_NAME = AppIcon;
				ASSETCATALOG_COMPILER_GLOBAL_ACCENT_COLOR_NAME = AccentColor;
				CODE_SIGN_STYLE = Automatic;
				CURRENT_PROJECT_VERSION = 1;
				DEVELOPMENT_TEAM = T8B4RZKP3U;
				GENERATE_INFOPLIST_FILE = YES;
				INFOPLIST_FILE = SehirTanitimKitabi/Info.plist;
				INFOPLIST_KEY_UIApplicationSupportsIndirectInputEvents = YES;
				INFOPLIST_KEY_UILaunchStoryboardName = LaunchScreen;
				INFOPLIST_KEY_UIMainStoryboardFile = "";
				INFOPLIST_KEY_UISupportedInterfaceOrientations_iPad = "UIInterfaceOrientationPortrait UIInterfaceOrientationPortraitUpsideDown UIInterfaceOrientationLandscapeLeft UIInterfaceOrientationLandscapeRight";
				INFOPLIST_KEY_UISupportedInterfaceOrientations_iPhone = "UIInterfaceOrientationPortrait UIInterfaceOrientationLandscapeLeft UIInterfaceOrientationLandscapeRight";
				LD_RUNPATH_SEARCH_PATHS = (
					"$(inherited)",
					"@executable_path/Frameworks",
				);
				MARKETING_VERSION = 1.0;
				PRODUCT_BUNDLE_IDENTIFIER = mutluclkn.SehirTanitimKitabi;
				PRODUCT_NAME = "$(TARGET_NAME)";
				SWIFT_EMIT_LOC_STRINGS = YES;
				SWIFT_VERSION = 5.0;
				TARGETED_DEVICE_FAMILY = "1,2";
			};
			name = Release;
		};
/* End XCBuildConfiguration section */

/* Begin XCConfigurationList section */
		FADA7C68281016B000D76C6D /* Build configuration list for PBXProject "SehirTanitimKitabi" */ = {
			isa = XCConfigurationList;
			buildConfigurations = (
				FADA7C7F281016B200D76C6D /* Debug */,
				FADA7C80281016B200D76C6D /* Release */,
			);
			defaultConfigurationIsVisible = 0;
			defaultConfigurationName = Release;
		};
		FADA7C81281016B200D76C6D /* Build configuration list for PBXNativeTarget "SehirTanitimKitabi" */ = {
			isa = XCConfigurationList;
			buildConfigurations = (
				FADA7C82281016B200D76C6D /* Debug */,
				FADA7C83281016B200D76C6D /* Release */,
			);
			defaultConfigurationIsVisible = 0;
			defaultConfigurationName = Release;
		};
/* End XCConfigurationList section */
	};
	rootObject = FADA7C65281016B000D76C6D /* Project object */;
}
